
Microsoft Visual Studio Solution File, Format Version 12.00
# Visual Studio 15
VisualStudioVersion = 15.0.28010.2048
MinimumVisualStudioVersion = 10.0.40219.1
Project("{FAE04EC0-301F-11D3-BF4B-00C04F79EFBC}") = "GitTest", "GitTest\GitTest.csproj", "{32E6FA62-34F1-4C75-949C-8D5CA6375C81}"
EndProject
Global
	GlobalSection(SolutionConfigurationPlatforms) = preSolution
		Debug|Any CPU = Debug|Any CPU
		Release|Any CPU = Release|Any CPU
	EndGlobalSection
	GlobalSection(ProjectConfigurationPlatforms) = postSolution
		{32E6FA62-34F1-4C75-949C-8D5CA6375C81}.Debug|Any CPU.ActiveCfg = Debug|Any CPU
		{32E6FA62-34F1-4C75-949C-8D5CA6375C81}.Debug|Any CPU.Build.0 = Debug|Any CPU
		{32E6FA62-34F1-4C75-949C-8D5CA6375C81}.Release|Any CPU.ActiveCfg = Release|Any CPU
		{32E6FA62-34F1-4C75-949C-8D5CA6375C81}.Release|Any CPU.Build.0 = Release|Any CPU
	EndGlobalSection
	GlobalSection(SolutionProperties) = preSolution
		HideSolutionNode = FALSE
	EndGlobalSection
	GlobalSection(ExtensibilityGlobals) = postSolution
		SolutionGuid = {47E3CED9-D8D2-4FB3-8C04-029338C5BD43}
	EndGlobalSection
EndGlobal
